
Microsoft Visual Studio Solution File, Format Version 12.00
# Visual Studio Version 17
VisualStudioVersion = 17.3.32922.545
MinimumVisualStudioVersion = 10.0.40219.1
Project("{FAE04EC0-301F-11D3-BF4B-00C04F79EFBC}") = "HdrezkaMirrorSite", "HdrezkaMirrorSite\HdrezkaMirrorSite.csproj", "{91A2AAFC-93D5-4215-AE11-8733AF1597B8}"
EndProject
Project("{FAE04EC0-301F-11D3-BF4B-00C04F79EFBC}") = "HdrezkaMirrorConfigLauncher", "HdrezkaMirrorConfigLauncher\HdrezkaMirrorConfigLauncher.csproj", "{1050A713-995F-4505-80D9-2E5DDB9F6769}"
EndProject
Project("{FAE04EC0-301F-11D3-BF4B-00C04F79EFBC}") = "HdrezkaMirrorLauncher", "HdrezkaMirrorLauncher\HdrezkaMirrorLauncher.csproj", "{09E0E9AD-EAFD-4A03-94D0-29C60FEC3547}"
EndProject
Global
	GlobalSection(SolutionConfigurationPlatforms) = preSolution
		Debug|Any CPU = Debug|Any CPU
		Release|Any CPU = Release|Any CPU
	EndGlobalSection
	GlobalSection(ProjectConfigurationPlatforms) = postSolution
		{91A2AAFC-93D5-4215-AE11-8733AF1597B8}.Debug|Any CPU.ActiveCfg = Debug|Any CPU
		{91A2AAFC-93D5-4215-AE11-8733AF1597B8}.Debug|Any CPU.Build.0 = Debug|Any CPU
		{91A2AAFC-93D5-4215-AE11-8733AF1597B8}.Release|Any CPU.ActiveCfg = Release|Any CPU
		{91A2AAFC-93D5-4215-AE11-8733AF1597B8}.Release|Any CPU.Build.0 = Release|Any CPU
		{1050A713-995F-4505-80D9-2E5DDB9F6769}.Debug|Any CPU.ActiveCfg = Debug|Any CPU
		{1050A713-995F-4505-80D9-2E5DDB9F6769}.Debug|Any CPU.Build.0 = Debug|Any CPU
		{1050A713-995F-4505-80D9-2E5DDB9F6769}.Release|Any CPU.ActiveCfg = Release|Any CPU
		{1050A713-995F-4505-80D9-2E5DDB9F6769}.Release|Any CPU.Build.0 = Release|Any CPU
		{09E0E9AD-EAFD-4A03-94D0-29C60FEC3547}.Debug|Any CPU.ActiveCfg = Debug|Any CPU
		{09E0E9AD-EAFD-4A03-94D0-29C60FEC3547}.Debug|Any CPU.Build.0 = Debug|Any CPU
		{09E0E9AD-EAFD-4A03-94D0-29C60FEC3547}.Release|Any CPU.ActiveCfg = Release|Any CPU
		{09E0E9AD-EAFD-4A03-94D0-29C60FEC3547}.Release|Any CPU.Build.0 = Release|Any CPU
	EndGlobalSection
	GlobalSection(SolutionProperties) = preSolution
		HideSolutionNode = FALSE
	EndGlobalSection
	GlobalSection(ExtensibilityGlobals) = postSolution
		SolutionGuid = {C8A20100-34F2-4A91-B9B4-1A1380362613}
	EndGlobalSection
EndGlobal
