
Microsoft Visual Studio Solution File, Format Version 12.00
# Visual Studio Version 17
VisualStudioVersion = 17.3.32922.545
MinimumVisualStudioVersion = 10.0.40219.1
Project("{FAE04EC0-301F-11D3-BF4B-00C04F79EFBC}") = "HdrezkaMirrorLauncher", "HdrezkaMirrorLauncher\HdrezkaMirrorLauncher.csproj", "{4A7E6064-CD91-43A9-AB95-169E6253262B}"
EndProject
Project("{FAE04EC0-301F-11D3-BF4B-00C04F79EFBC}") = "HdrezkaMirrorSite", "HdrezkaMirrorSite\HdrezkaMirrorSite.csproj", "{9844558C-9965-4EBD-A4E3-78F9F2A8F3F7}"
EndProject
Project("{FAE04EC0-301F-11D3-BF4B-00C04F79EFBC}") = "HdrezkaMirrorConfigLauncher", "HdrezkaMirrorConfigLauncher\HdrezkaMirrorConfigLauncher.csproj", "{57E755E4-B9BA-4771-B752-5F77CD2991B2}"
EndProject
Global
	GlobalSection(SolutionConfigurationPlatforms) = preSolution
		Debug|Any CPU = Debug|Any CPU
		Release|Any CPU = Release|Any CPU
	EndGlobalSection
	GlobalSection(ProjectConfigurationPlatforms) = postSolution
		{4A7E6064-CD91-43A9-AB95-169E6253262B}.Debug|Any CPU.ActiveCfg = Debug|Any CPU
		{4A7E6064-CD91-43A9-AB95-169E6253262B}.Debug|Any CPU.Build.0 = Debug|Any CPU
		{4A7E6064-CD91-43A9-AB95-169E6253262B}.Release|Any CPU.ActiveCfg = Release|Any CPU
		{4A7E6064-CD91-43A9-AB95-169E6253262B}.Release|Any CPU.Build.0 = Release|Any CPU
		{9844558C-9965-4EBD-A4E3-78F9F2A8F3F7}.Debug|Any CPU.ActiveCfg = Debug|Any CPU
		{9844558C-9965-4EBD-A4E3-78F9F2A8F3F7}.Debug|Any CPU.Build.0 = Debug|Any CPU
		{9844558C-9965-4EBD-A4E3-78F9F2A8F3F7}.Release|Any CPU.ActiveCfg = Release|Any CPU
		{9844558C-9965-4EBD-A4E3-78F9F2A8F3F7}.Release|Any CPU.Build.0 = Release|Any CPU
		{57E755E4-B9BA-4771-B752-5F77CD2991B2}.Debug|Any CPU.ActiveCfg = Debug|Any CPU
		{57E755E4-B9BA-4771-B752-5F77CD2991B2}.Debug|Any CPU.Build.0 = Debug|Any CPU
		{57E755E4-B9BA-4771-B752-5F77CD2991B2}.Release|Any CPU.ActiveCfg = Release|Any CPU
		{57E755E4-B9BA-4771-B752-5F77CD2991B2}.Release|Any CPU.Build.0 = Release|Any CPU
	EndGlobalSection
	GlobalSection(SolutionProperties) = preSolution
		HideSolutionNode = FALSE
	EndGlobalSection
	GlobalSection(ExtensibilityGlobals) = postSolution
		SolutionGuid = {C8A20100-34F2-4A91-B9B4-1A1380362613}
	EndGlobalSection
EndGlobal
